
Microsoft Visual Studio Solution File, Format Version 12.00
Project("{FAE04EC0-301F-11D3-BF4B-00C04F79EFBC}") = "UnitTestTaskxUnit", "UnitTestTaskxUnit\UnitTestTaskxUnit.csproj", "{7B3EC370-E235-4EBB-9718-F16F7E5FD836}"
EndProject
Project("{FAE04EC0-301F-11D3-BF4B-00C04F79EFBC}") = "Counter", "Counter\Counter.csproj", "{142D530C-3B2C-4819-89F9-32F5B29424A7}"
EndProject
Global
	GlobalSection(SolutionConfigurationPlatforms) = preSolution
		Debug|Any CPU = Debug|Any CPU
		Release|Any CPU = Release|Any CPU
	EndGlobalSection
	GlobalSection(ProjectConfigurationPlatforms) = postSolution
		{7B3EC370-E235-4EBB-9718-F16F7E5FD836}.Debug|Any CPU.ActiveCfg = Debug|Any CPU
		{7B3EC370-E235-4EBB-9718-F16F7E5FD836}.Debug|Any CPU.Build.0 = Debug|Any CPU
		{7B3EC370-E235-4EBB-9718-F16F7E5FD836}.Release|Any CPU.ActiveCfg = Release|Any CPU
		{7B3EC370-E235-4EBB-9718-F16F7E5FD836}.Release|Any CPU.Build.0 = Release|Any CPU
		{142D530C-3B2C-4819-89F9-32F5B29424A7}.Debug|Any CPU.ActiveCfg = Debug|Any CPU
		{142D530C-3B2C-4819-89F9-32F5B29424A7}.Debug|Any CPU.Build.0 = Debug|Any CPU
		{142D530C-3B2C-4819-89F9-32F5B29424A7}.Release|Any CPU.ActiveCfg = Release|Any CPU
		{142D530C-3B2C-4819-89F9-32F5B29424A7}.Release|Any CPU.Build.0 = Release|Any CPU
	EndGlobalSection
EndGlobal
